
Microsoft Visual Studio Solution File, Format Version 12.00
# Visual Studio Version 17
VisualStudioVersion = 17.0.31903.59
MinimumVisualStudioVersion = 10.0.40219.1
Project("{FAE04EC0-301F-11D3-BF4B-00C04F79EFBC}") = "WebLynx2", "WebLynx2\WebLynx2.csproj", "{0DBF901A-6CD3-461B-8101-8D17E83D93E3}"
EndProject
Project("{FAE04EC0-301F-11D3-BF4B-00C04F79EFBC}") = "TcpTestClient", "TcpTestClient\TcpTestClient.csproj", "{C8A91F40-7B2E-4F3A-9C1D-5E6F708192A0}"
EndProject
Project("{FAE04EC0-301F-11D3-BF4B-00C04F79EFBC}") = "WebLynx2.Tests", "WebLynx2.Tests\WebLynx2.Tests.csproj", "{F583AFB9-546F-4BC5-B310-19FEA96C1BB7}"
EndProject
Global
	GlobalSection(SolutionConfigurationPlatforms) = preSolution
		Debug|Any CPU = Debug|Any CPU
		Debug|x64 = Debug|x64
		Debug|x86 = Debug|x86
		Release|Any CPU = Release|Any CPU
		Release|x64 = Release|x64
		Release|x86 = Release|x86
	EndGlobalSection
	GlobalSection(ProjectConfigurationPlatforms) = postSolution
		{0DBF901A-6CD3-461B-8101-8D17E83D93E3}.Debug|Any CPU.ActiveCfg = Debug|Any CPU
		{0DBF901A-6CD3-461B-8101-8D17E83D93E3}.Debug|Any CPU.Build.0 = Debug|Any CPU
		{0DBF901A-6CD3-461B-8101-8D17E83D93E3}.Debug|x64.ActiveCfg = Debug|Any CPU
		{0DBF901A-6CD3-461B-8101-8D17E83D93E3}.Debug|x64.Build.0 = Debug|Any CPU
		{0DBF901A-6CD3-461B-8101-8D17E83D93E3}.Debug|x86.ActiveCfg = Debug|Any CPU
		{0DBF901A-6CD3-461B-8101-8D17E83D93E3}.Debug|x86.Build.0 = Debug|Any CPU
		{0DBF901A-6CD3-461B-8101-8D17E83D93E3}.Release|Any CPU.ActiveCfg = Release|Any CPU
		{0DBF901A-6CD3-461B-8101-8D17E83D93E3}.Release|Any CPU.Build.0 = Release|Any CPU
		{0DBF901A-6CD3-461B-8101-8D17E83D93E3}.Release|x64.ActiveCfg = Release|Any CPU
		{0DBF901A-6CD3-461B-8101-8D17E83D93E3}.Release|x64.Build.0 = Release|Any CPU
		{0DBF901A-6CD3-461B-8101-8D17E83D93E3}.Release|x86.ActiveCfg = Release|Any CPU
		{0DBF901A-6CD3-461B-8101-8D17E83D93E3}.Release|x86.Build.0 = Release|Any CPU
		{C8A91F40-7B2E-4F3A-9C1D-5E6F708192A0}.Debug|Any CPU.ActiveCfg = Debug|Any CPU
		{C8A91F40-7B2E-4F3A-9C1D-5E6F708192A0}.Debug|Any CPU.Build.0 = Debug|Any CPU
		{C8A91F40-7B2E-4F3A-9C1D-5E6F708192A0}.Debug|x64.ActiveCfg = Debug|Any CPU
		{C8A91F40-7B2E-4F3A-9C1D-5E6F708192A0}.Debug|x64.Build.0 = Debug|Any CPU
		{C8A91F40-7B2E-4F3A-9C1D-5E6F708192A0}.Debug|x86.ActiveCfg = Debug|Any CPU
		{C8A91F40-7B2E-4F3A-9C1D-5E6F708192A0}.Debug|x86.Build.0 = Debug|Any CPU
		{C8A91F40-7B2E-4F3A-9C1D-5E6F708192A0}.Release|Any CPU.ActiveCfg = Release|Any CPU
		{C8A91F40-7B2E-4F3A-9C1D-5E6F708192A0}.Release|Any CPU.Build.0 = Release|Any CPU
		{C8A91F40-7B2E-4F3A-9C1D-5E6F708192A0}.Release|x64.ActiveCfg = Release|Any CPU
		{C8A91F40-7B2E-4F3A-9C1D-5E6F708192A0}.Release|x64.Build.0 = Release|Any CPU
		{C8A91F40-7B2E-4F3A-9C1D-5E6F708192A0}.Release|x86.ActiveCfg = Release|Any CPU
		{C8A91F40-7B2E-4F3A-9C1D-5E6F708192A0}.Release|x86.Build.0 = Release|Any CPU
		{F583AFB9-546F-4BC5-B310-19FEA96C1BB7}.Debug|Any CPU.ActiveCfg = Debug|Any CPU
		{F583AFB9-546F-4BC5-B310-19FEA96C1BB7}.Debug|Any CPU.Build.0 = Debug|Any CPU
		{F583AFB9-546F-4BC5-B310-19FEA96C1BB7}.Debug|x64.ActiveCfg = Debug|Any CPU
		{F583AFB9-546F-4BC5-B310-19FEA96C1BB7}.Debug|x64.Build.0 = Debug|Any CPU
		{F583AFB9-546F-4BC5-B310-19FEA96C1BB7}.Debug|x86.ActiveCfg = Debug|Any CPU
		{F583AFB9-546F-4BC5-B310-19FEA96C1BB7}.Debug|x86.Build.0 = Debug|Any CPU
		{F583AFB9-546F-4BC5-B310-19FEA96C1BB7}.Release|Any CPU.ActiveCfg = Release|Any CPU
		{F583AFB9-546F-4BC5-B310-19FEA96C1BB7}.Release|Any CPU.Build.0 = Release|Any CPU
		{F583AFB9-546F-4BC5-B310-19FEA96C1BB7}.Release|x64.ActiveCfg = Release|Any CPU
		{F583AFB9-546F-4BC5-B310-19FEA96C1BB7}.Release|x64.Build.0 = Release|Any CPU
		{F583AFB9-546F-4BC5-B310-19FEA96C1BB7}.Release|x86.ActiveCfg = Release|Any CPU
		{F583AFB9-546F-4BC5-B310-19FEA96C1BB7}.Release|x86.Build.0 = Release|Any CPU
	EndGlobalSection
	GlobalSection(SolutionProperties) = preSolution
		HideSolutionNode = FALSE
	EndGlobalSection
EndGlobal
